
Microsoft Visual Studio Solution File, Format Version 12.00
# Visual Studio Version 16
VisualStudioVersion = 16.0.29230.61
MinimumVisualStudioVersion = 10.0.40219.1
Project("{9A19103F-16F7-4668-BE54-9A1E7A4F7556}") = "PaginationHelper", "PaginationHelper\PaginationHelper.csproj", "{E24F930F-5F42-4DA5-9006-0D96D6FBEFBF}"
EndProject
Project("{FAE04EC0-301F-11D3-BF4B-00C04F79EFBC}") = "PaginationHelper.Core", "PaginationHelper.Core\PaginationHelper.Core.csproj", "{85FEE5BE-3CBE-4E0F-B78D-F7842B6DA482}"
EndProject
Global
	GlobalSection(SolutionConfigurationPlatforms) = preSolution
		Debug|Any CPU = Debug|Any CPU
		Release|Any CPU = Release|Any CPU
	EndGlobalSection
	GlobalSection(ProjectConfigurationPlatforms) = postSolution
		{E24F930F-5F42-4DA5-9006-0D96D6FBEFBF}.Debug|Any CPU.ActiveCfg = Debug|Any CPU
		{E24F930F-5F42-4DA5-9006-0D96D6FBEFBF}.Debug|Any CPU.Build.0 = Debug|Any CPU
		{E24F930F-5F42-4DA5-9006-0D96D6FBEFBF}.Release|Any CPU.ActiveCfg = Release|Any CPU
		{E24F930F-5F42-4DA5-9006-0D96D6FBEFBF}.Release|Any CPU.Build.0 = Release|Any CPU
		{85FEE5BE-3CBE-4E0F-B78D-F7842B6DA482}.Debug|Any CPU.ActiveCfg = Debug|Any CPU
		{85FEE5BE-3CBE-4E0F-B78D-F7842B6DA482}.Debug|Any CPU.Build.0 = Debug|Any CPU
		{85FEE5BE-3CBE-4E0F-B78D-F7842B6DA482}.Release|Any CPU.ActiveCfg = Release|Any CPU
		{85FEE5BE-3CBE-4E0F-B78D-F7842B6DA482}.Release|Any CPU.Build.0 = Release|Any CPU
	EndGlobalSection
	GlobalSection(SolutionProperties) = preSolution
		HideSolutionNode = FALSE
	EndGlobalSection
	GlobalSection(ExtensibilityGlobals) = postSolution
		SolutionGuid = {9E1C7051-688E-4032-B53D-D41D7F069E02}
	EndGlobalSection
EndGlobal
